PODS:
  - A2StoryboardSegueContext (1.0.1)
  - AFNetworking (2.3.1):
    - AFNetworking/NSURLConnection
    - AFNetworking/NSURLSession
    - AFNetworking/Reachability
    - AFNetworking/Security
    - AFNetworking/Serialization
    - AFNetworking/UIKit
  - AFNetworking/NSURLConnection (2.3.1):
    - AFNetworking/Reachability
    - AFNetworking/Security
    - AFNetworking/Serialization
  - AFNetworking/NSURLSession (2.3.1):
    - AFNetworking/Reachability
    - AFNetworking/Security
    - AFNetworking/Serialization
  - AFNetworking/Reachability (2.3.1)
  - AFNetworking/Security (2.3.1)
  - AFNetworking/Serialization (2.3.1)
  - AFNetworking/UIKit (2.3.1):
    - AFNetworking/NSURLConnection
    - AFNetworking/NSURLSession
  - BlocksKit (2.2.3):
    - BlocksKit/All
  - BlocksKit/All (2.2.3):
    - BlocksKit/Core
    - BlocksKit/DynamicDelegate
    - BlocksKit/MessageUI
    - BlocksKit/UIKit
  - BlocksKit/Core (2.2.3)
  - BlocksKit/DynamicDelegate (2.2.3)
  - BlocksKit/MessageUI (2.2.3):
    - BlocksKit/Core
    - BlocksKit/DynamicDelegate
  - BlocksKit/UIKit (2.2.3):
    - BlocksKit/Core
    - BlocksKit/DynamicDelegate
  - FMMoveTableView (1.1.2)
  - JVFloatLabeledTextField (0.0.8)
  - PixateFreestyle (2.1.4)
  - RegexKitLite (4.0)
  - SFHFKeychainUtils (0.0.1)
  - TBXML (1.5)
  - TouchJSON (1.1)
  - UITintedButton (1.0)
  - ViewDeck (2.2.11)

DEPENDENCIES:
  - A2StoryboardSegueContext
  - AFNetworking (~> 2.0)
  - BlocksKit
  - FMMoveTableView
  - JVFloatLabeledTextField
  - PixateFreestyle
  - RegexKitLite
  - SFHFKeychainUtils
  - TBXML
  - TouchJSON
  - UITintedButton
  - ViewDeck (~> 2.2.11)

SPEC CHECKSUMS:
  A2StoryboardSegueContext: 289f5ffbdb4935682616159f57d039870c253798
  AFNetworking: 6d7b76aa5d04c8c37daad3eef4b7e3f2a7620da3
  BlocksKit: 07c8a80f04275efac6a5f8b973782489c083a182
  FMMoveTableView: b5d2d314e0ca8c029ae59efe2b3a905f30df0557
  JVFloatLabeledTextField: 16dea87b899a7b62026eb8d8cf9902c08b1953da
  PixateFreestyle: bb8fc8ce1ebc2355852b369a6e2a6f2931c4ed71
  RegexKitLite: c0e4c12e6e7de0769f3a3ed679f0f61604170661
  SFHFKeychainUtils: 6fdda05a86d035db406c7662ec1054814b68f0fd
  TBXML: a279440030ba55c40e1455cafba3b0a44e1963d4
  TouchJSON: b40940e40e53bb9b1ad60c63e01ed83bff93d53e
  UITintedButton: 0f8c0683f07b3547003cdac57007ad635e016d07
  ViewDeck: 2f38c054dfe8e69af4877c006785996faa277902

COCOAPODS: 0.33.1
