// !$*UTF8*$!
{
	archiveVersion = 1;
	classes = {
	};
	objectVersion = 50;
	objects = {

/* Begin PBXBuildFile section */
		284BF5BD21623CDF00ABE77A /* Main.storyboard in Resources */ = {isa = PBXBuildFile; fileRef = 284BF5BB21623CDF00ABE77A /* Main.storyboard */; };
		284BF5BF21623CE000ABE77A /* Assets.xcassets in Resources */ = {isa = PBXBuildFile; fileRef = 284BF5BE21623CE000ABE77A /* Assets.xcassets */; };
		284BF5C221623CE000ABE77A /* LaunchScreen.storyboard in Resources */ = {isa = PBXBuildFile; fileRef = 284BF5C021623CE000ABE77A /* LaunchScreen.storyboard */; };
		284BF5CC2162419500ABE77A /* ViewController.swift in Sources */ = {isa = PBXBuildFile; fileRef = 284BF5CA2162419500ABE77A /* ViewController.swift */; };
		284BF5CD2162419500ABE77A /* AppDelegate.swift in Sources */ = {isa = PBXBuildFile; fileRef = 284BF5CB2162419500ABE77A /* AppDelegate.swift */; };
		284BF5D02162420100ABE77A /* Podfile in Resources */ = {isa = PBXBuildFile; fileRef = 284BF5CF2162420100ABE77A /* Podfile */; };
		D0639ABCEA2B963513AAF7CA /* Pods_CycleStreets.framework in Frameworks */ = {isa = PBXBuildFile; fileRef = 5C1FC04B52E08BBB71627706 /* Pods_CycleStreets.framework */; };
/* End PBXBuildFile section */

/* Begin PBXFileReference section */
		284BF5B421623CDF00ABE77A /* CycleStreets.app */ = {isa = PBXFileReference; explicitFileType = wrapper.application; includeInIndex = 0; path = CycleStreets.app; sourceTree = BUILT_PRODUCTS_DIR; };
		284BF5BC21623CDF00ABE77A /* Base */ = {isa = PBXFileReference; lastKnownFileType = file.storyboard; name = Base; path = Base.lproj/Main.storyboard; sourceTree = "<group>"; };
		284BF5BE21623CE000ABE77A /* Assets.xcassets */ = {isa = PBXFileReference; lastKnownFileType = folder.assetcatalog; path = Assets.xcassets; sourceTree = "<group>"; };
		284BF5C121623CE000ABE77A /* Base */ = {isa = PBXFileReference; lastKnownFileType = file.storyboard; name = Base; path = Base.lproj/LaunchScreen.storyboard; sourceTree = "<group>"; };
		284BF5C321623CE000ABE77A /* Info.plist */ = {isa = PBXFileReference; lastKnownFileType = text.plist.xml; path = Info.plist; sourceTree = "<group>"; };
		284BF5CA2162419500ABE77A /* ViewController.swift */ = {isa = PBXFileReference; fileEncoding = 4; lastKnownFileType = sourcecode.swift; path = ViewController.swift; sourceTree = "<group>"; };
		284BF5CB2162419500ABE77A /* AppDelegate.swift */ = {isa = PBXFileReference; fileEncoding = 4; lastKnownFileType = sourcecode.swift; path = AppDelegate.swift; sourceTree = "<group>"; };
		284BF5CF2162420100ABE77A /* Podfile */ = {isa = PBXFileReference; fileEncoding = 4; lastKnownFileType = text; path = Podfile; sourceTree = "<group>"; };
		5C1FC04B52E08BBB71627706 /* Pods_CycleStreets.framework */ = {isa = PBXFileReference; explicitFileType = wrapper.framework; includeInIndex = 0; path = Pods_CycleStreets.framework; sourceTree = BUILT_PRODUCTS_DIR; };
		FC429D783600F3C339EC216A /* Pods-CycleStreets.debug.xcconfig */ = {isa = PBXFileReference; includeInIndex = 1; lastKnownFileType = text.xcconfig; name = "Pods-CycleStreets.debug.xcconfig"; path = "Pods/Target Support Files/Pods-CycleStreets/Pods-CycleStreets.debug.xcconfig"; sourceTree = "<group>"; };
		FFC3D44CD97DFDC0001B8813 /* Pods-CycleStreets.release.xcconfig */ = {isa = PBXFileReference; includeInIndex = 1; lastKnownFileType = text.xcconfig; name = "Pods-CycleStreets.release.xcconfig"; path = "Pods/Target Support Files/Pods-CycleStreets/Pods-CycleStreets.release.xcconfig"; sourceTree = "<group>"; };
/* End PBXFileReference section */

/* Begin PBXFrameworksBuildPhase section */
		284BF5B121623CDF00ABE77A /* Frameworks */ = {
			isa = PBXFrameworksBuildPhase;
			buildActionMask = 2147483647;
			files = (
				D0639ABCEA2B963513AAF7CA /* Pods_CycleStreets.framework in Frameworks */,
			);
			runOnlyForDeploymentPostprocessing = 0;
		};
/* End PBXFrameworksBuildPhase section */

/* Begin PBXGroup section */
		284BF5AB21623CDE00ABE77A = {
			isa = PBXGroup;
			children = (
				284BF5CE216241A000ABE77A /* storyboards */,
				284BF5C92162419500ABE77A /* src */,
				284BF5BE21623CE000ABE77A /* Assets.xcassets */,
				284BF5C321623CE000ABE77A /* Info.plist */,
				284BF5CF2162420100ABE77A /* Podfile */,
				284BF5B521623CDF00ABE77A /* Products */,
				4F33EA86DBFCBDD2E8476F07 /* Pods */,
				67D9905E0D04F7781151CE8E /* Frameworks */,
			);
			sourceTree = "<group>";
		};
		284BF5B521623CDF00ABE77A /* Products */ = {
			isa = PBXGroup;
			children = (
				284BF5B421623CDF00ABE77A /* CycleStreets.app */,
			);
			name = Products;
			sourceTree = "<group>";
		};
		284BF5C92162419500ABE77A /* src */ = {
			isa = PBXGroup;
			children = (
				284BF5CA2162419500ABE77A /* ViewController.swift */,
				284BF5CB2162419500ABE77A /* AppDelegate.swift */,
			);
			path = src;
			sourceTree = "<group>";
		};
		284BF5CE216241A000ABE77A /* storyboards */ = {
			isa = PBXGroup;
			children = (
				284BF5BB21623CDF00ABE77A /* Main.storyboard */,
				284BF5C021623CE000ABE77A /* LaunchScreen.storyboard */,
			);
			path = storyboards;
			sourceTree = "<group>";
		};
		4F33EA86DBFCBDD2E8476F07 /* Pods */ = {
			isa = PBXGroup;
			children = (
				FC429D783600F3C339EC216A /* Pods-CycleStreets.debug.xcconfig */,
				FFC3D44CD97DFDC0001B8813 /* Pods-CycleStreets.release.xcconfig */,
			);
			name = Pods;
			sourceTree = "<group>";
		};
		67D9905E0D04F7781151CE8E /* Frameworks */ = {
			isa = PBXGroup;
			children = (
				5C1FC04B52E08BBB71627706 /* Pods_CycleStreets.framework */,
			);
			name = Frameworks;
			sourceTree = "<group>";
		};
/* End PBXGroup section */

/* Begin PBXNativeTarget section */
		284BF5B321623CDF00ABE77A /* CycleStreets */ = {
			isa = PBXNativeTarget;
			buildConfigurationList = 284BF5C621623CE000ABE77A /* Build configuration list for PBXNativeTarget "CycleStreets" */;
			buildPhases = (
				BC30C61C6808B4F5D205BC88 /* [CP] Check Pods Manifest.lock */,
				284BF5B021623CDF00ABE77A /* Sources */,
				284BF5B121623CDF00ABE77A /* Frameworks */,
				284BF5B221623CDF00ABE77A /* Resources */,
				93F84F73E8731CF551AB6FA9 /* [CP] Embed Pods Frameworks */,
			);
			buildRules = (
			);
			dependencies = (
			);
			name = CycleStreets;
			productName = CycleStreets4.0;
			productReference = 284BF5B421623CDF00ABE77A /* CycleStreets.app */;
			productType = "com.apple.product-type.application";
		};
/* End PBXNativeTarget section */

/* Begin PBXProject section */
		284BF5AC21623CDE00ABE77A /* Project object */ = {
			isa = PBXProject;
			attributes = {
				LastSwiftUpdateCheck = 1000;
				LastUpgradeCheck = 1000;
				ORGANIZATIONNAME = cyclestreets;
				TargetAttributes = {
					284BF5B321623CDF00ABE77A = {
						CreatedOnToolsVersion = 10.0;
					};
				};
			};
			buildConfigurationList = 284BF5AF21623CDE00ABE77A /* Build configuration list for PBXProject "CycleStreets4" */;
			compatibilityVersion = "Xcode 9.3";
			developmentRegion = en;
			hasScannedForEncodings = 0;
			knownRegions = (
				en,
				Base,
			);
			mainGroup = 284BF5AB21623CDE00ABE77A;
			productRefGroup = 284BF5B521623CDF00ABE77A /* Products */;
			projectDirPath = "";
			projectRoot = "";
			targets = (
				284BF5B321623CDF00ABE77A /* CycleStreets */,
			);
		};
/* End PBXProject section */

/* Begin PBXResourcesBuildPhase section */
		284BF5B221623CDF00ABE77A /* Resources */ = {
			isa = PBXResourcesBuildPhase;
			buildActionMask = 2147483647;
			files = (
				284BF5C221623CE000ABE77A /* LaunchScreen.storyboard in Resources */,
				284BF5BF21623CE000ABE77A /* Assets.xcassets in Resources */,
				284BF5D02162420100ABE77A /* Podfile in Resources */,
				284BF5BD21623CDF00ABE77A /* Main.storyboard in Resources */,
			);
			runOnlyForDeploymentPostprocessing = 0;
		};
/* End PBXResourcesBuildPhase section */

/* Begin PBXShellScriptBuildPhase section */
		93F84F73E8731CF551AB6FA9 /* [CP] Embed Pods Frameworks */ = {
			isa = PBXShellScriptBuildPhase;
			buildActionMask = 2147483647;
			files = (
			);
			inputPaths = (
				"${SRCROOT}/Pods/Target Support Files/Pods-CycleStreets/Pods-CycleStreets-frameworks.sh",
				"${BUILT_PRODUCTS_DIR}/A2StoryboardSegueContext/A2StoryboardSegueContext.framework",
				"${BUILT_PRODUCTS_DIR}/Alamofire/Alamofire.framework",
				"${BUILT_PRODUCTS_DIR}/AlamofireImage/AlamofireImage.framework",
				"${BUILT_PRODUCTS_DIR}/ObjcExceptionBridging/ObjcExceptionBridging.framework",
				"${BUILT_PRODUCTS_DIR}/Presentr/Presentr.framework",
				"${BUILT_PRODUCTS_DIR}/PureLayout/PureLayout.framework",
				"${BUILT_PRODUCTS_DIR}/Then/Then.framework",
				"${BUILT_PRODUCTS_DIR}/XCGLogger/XCGLogger.framework",
			);
			name = "[CP] Embed Pods Frameworks";
			outputPaths = (
				"${TARGET_BUILD_DIR}/${FRAMEWORKS_FOLDER_PATH}/A2StoryboardSegueContext.framework",
				"${TARGET_BUILD_DIR}/${FRAMEWORKS_FOLDER_PATH}/Alamofire.framework",
				"${TARGET_BUILD_DIR}/${FRAMEWORKS_FOLDER_PATH}/AlamofireImage.framework",
				"${TARGET_BUILD_DIR}/${FRAMEWORKS_FOLDER_PATH}/ObjcExceptionBridging.framework",
				"${TARGET_BUILD_DIR}/${FRAMEWORKS_FOLDER_PATH}/Presentr.framework",
				"${TARGET_BUILD_DIR}/${FRAMEWORKS_FOLDER_PATH}/PureLayout.framework",
				"${TARGET_BUILD_DIR}/${FRAMEWORKS_FOLDER_PATH}/Then.framework",
				"${TARGET_BUILD_DIR}/${FRAMEWORKS_FOLDER_PATH}/XCGLogger.framework",
			);
			runOnlyForDeploymentPostprocessing = 0;
			shellPath = /bin/sh;
			shellScript = "\"${SRCROOT}/Pods/Target Support Files/Pods-CycleStreets/Pods-CycleStreets-frameworks.sh\"\n";
			showEnvVarsInLog = 0;
		};
		BC30C61C6808B4F5D205BC88 /* [CP] Check Pods Manifest.lock */ = {
			isa = PBXShellScriptBuildPhase;
			buildActionMask = 2147483647;
			files = (
			);
			inputPaths = (
				"${PODS_PODFILE_DIR_PATH}/Podfile.lock",
				"${PODS_ROOT}/Manifest.lock",
			);
			name = "[CP] Check Pods Manifest.lock";
			outputPaths = (
				"$(DERIVED_FILE_DIR)/Pods-CycleStreets-checkManifestLockResult.txt",
			);
			runOnlyForDeploymentPostprocessing = 0;
			shellPath = /bin/sh;
			shellScript = "diff \"${PODS_PODFILE_DIR_PATH}/Podfile.lock\" \"${PODS_ROOT}/Manifest.lock\" > /dev/null\nif [ $? != 0 ] ; then\n    # print error to STDERR\n    echo \"error: The sandbox is not in sync with the Podfile.lock. Run 'pod install' or update your CocoaPods installation.\" >&2\n    exit 1\nfi\n# This output is used by Xcode 'outputs' to avoid re-running this script phase.\necho \"SUCCESS\" > \"${SCRIPT_OUTPUT_FILE_0}\"\n";
			showEnvVarsInLog = 0;
		};
/* End PBXShellScriptBuildPhase section */

/* Begin PBXSourcesBuildPhase section */
		284BF5B021623CDF00ABE77A /* Sources */ = {
			isa = PBXSourcesBuildPhase;
			buildActionMask = 2147483647;
			files = (
				284BF5CD2162419500ABE77A /* AppDelegate.swift in Sources */,
				284BF5CC2162419500ABE77A /* ViewController.swift in Sources */,
			);
			runOnlyForDeploymentPostprocessing = 0;
		};
/* End PBXSourcesBuildPhase section */

/* Begin PBXVariantGroup section */
		284BF5BB21623CDF00ABE77A /* Main.storyboard */ = {
			isa = PBXVariantGroup;
			children = (
				284BF5BC21623CDF00ABE77A /* Base */,
			);
			name = Main.storyboard;
			sourceTree = "<group>";
		};
		284BF5C021623CE000ABE77A /* LaunchScreen.storyboard */ = {
			isa = PBXVariantGroup;
			children = (
				284BF5C121623CE000ABE77A /* Base */,
			);
			name = LaunchScreen.storyboard;
			sourceTree = "<group>";
		};
/* End PBXVariantGroup section */

/* Begin XCBuildConfiguration section */
		284BF5C421623CE000ABE77A /* Debug */ = {
			isa = XCBuildConfiguration;
			buildSettings = {
				ALWAYS_SEARCH_USER_PATHS = NO;
				CLANG_ANALYZER_NONNULL = YES;
				CLANG_ANALYZER_NUMBER_OBJECT_CONVERSION = YES_AGGRESSIVE;
				CLANG_CXX_LANGUAGE_STANDARD = "gnu++14";
				CLANG_CXX_LIBRARY = "libc++";
				CLANG_ENABLE_MODULES = YES;
				CLANG_ENABLE_OBJC_ARC = YES;
				CLANG_ENABLE_OBJC_WEAK = YES;
				CLANG_WARN_BLOCK_CAPTURE_AUTORELEASING = YES;
				CLANG_WARN_BOOL_CONVERSION = YES;
				CLANG_WARN_COMMA = YES;
				CLANG_WARN_CONSTANT_CONVERSION = YES;
				CLANG_WARN_DEPRECATED_OBJC_IMPLEMENTATIONS = YES;
				CLANG_WARN_DIRECT_OBJC_ISA_USAGE = YES_ERROR;
				CLANG_WARN_DOCUMENTATION_COMMENTS = YES;
				CLANG_WARN_EMPTY_BODY = YES;
				CLANG_WARN_ENUM_CONVERSION = YES;
				CLANG_WARN_INFINITE_RECURSION = YES;
				CLANG_WARN_INT_CONVERSION = YES;
				CLANG_WARN_NON_LITERAL_NULL_CONVERSION = YES;
				CLANG_WARN_OBJC_IMPLICIT_RETAIN_SELF = YES;
				CLANG_WARN_OBJC_LITERAL_CONVERSION = YES;
				CLANG_WARN_OBJC_ROOT_CLASS = YES_ERROR;
				CLANG_WARN_RANGE_LOOP_ANALYSIS = YES;
				CLANG_WARN_STRICT_PROTOTYPES = YES;
				CLANG_WARN_SUSPICIOUS_MOVE = YES;
				CLANG_WARN_UNGUARDED_AVAILABILITY = YES_AGGRESSIVE;
				CLANG_WARN_UNREACHABLE_CODE = YES;
				CLANG_WARN__DUPLICATE_METHOD_MATCH = YES;
				CODE_SIGN_IDENTITY = "iPhone Developer";
				COPY_PHASE_STRIP = NO;
				DEBUG_INFORMATION_FORMAT = dwarf;
				ENABLE_STRICT_OBJC_MSGSEND = YES;
				ENABLE_TESTABILITY = YES;
				GCC_C_LANGUAGE_STANDARD = gnu11;
				GCC_DYNAMIC_NO_PIC = NO;
				GCC_NO_COMMON_BLOCKS = YES;
				GCC_OPTIMIZATION_LEVEL = 0;
				GCC_PREPROCESSOR_DEFINITIONS = (
					"DEBUG=1",
					"$(inherited)",
				);
				GCC_WARN_64_TO_32_BIT_CONVERSION = YES;
				GCC_WARN_ABOUT_RETURN_TYPE = YES_ERROR;
				GCC_WARN_UNDECLARED_SELECTOR = YES;
				GCC_WARN_UNINITIALIZED_AUTOS = YES_AGGRESSIVE;
				GCC_WARN_UNUSED_FUNCTION = YES;
				GCC_WARN_UNUSED_VARIABLE = YES;
				IPHONEOS_DEPLOYMENT_TARGET = 10.0;
				MTL_ENABLE_DEBUG_INFO = INCLUDE_SOURCE;
				MTL_FAST_MATH = YES;
				ONLY_ACTIVE_ARCH = YES;
				SDKROOT = iphoneos;
				SWIFT_ACTIVE_COMPILATION_CONDITIONS = DEBUG;
				SWIFT_OPTIMIZATION_LEVEL = "-Onone";
			};
			name = Debug;
		};
		284BF5C521623CE000ABE77A /* Release */ = {
			isa = XCBuildConfiguration;
			buildSettings = {
				ALWAYS_SEARCH_USER_PATHS = NO;
				CLANG_ANALYZER_NONNULL = YES;
				CLANG_ANALYZER_NUMBER_OBJECT_CONVERSION = YES_AGGRESSIVE;
				CLANG_CXX_LANGUAGE_STANDARD = "gnu++14";
				CLANG_CXX_LIBRARY = "libc++";
				CLANG_ENABLE_MODULES = YES;
				CLANG_ENABLE_OBJC_ARC = YES;
				CLANG_ENABLE_OBJC_WEAK = YES;
				CLANG_WARN_BLOCK_CAPTURE_AUTORELEASING = YES;
				CLANG_WARN_BOOL_CONVERSION = YES;
				CLANG_WARN_COMMA = YES;
				CLANG_WARN_CONSTANT_CONVERSION = YES;
				CLANG_WARN_DEPRECATED_OBJC_IMPLEMENTATIONS = YES;
				CLANG_WARN_DIRECT_OBJC_ISA_USAGE = YES_ERROR;
				CLANG_WARN_DOCUMENTATION_COMMENTS = YES;
				CLANG_WARN_EMPTY_BODY = YES;
				CLANG_WARN_ENUM_CONVERSION = YES;
				CLANG_WARN_INFINITE_RECURSION = YES;
				CLANG_WARN_INT_CONVERSION = YES;
				CLANG_WARN_NON_LITERAL_NULL_CONVERSION = YES;
				CLANG_WARN_OBJC_IMPLICIT_RETAIN_SELF = YES;
				CLANG_WARN_OBJC_LITERAL_CONVERSION = YES;
				CLANG_WARN_OBJC_ROOT_CLASS = YES_ERROR;
				CLANG_WARN_RANGE_LOOP_ANALYSIS = YES;
				CLANG_WARN_STRICT_PROTOTYPES = YES;
				CLANG_WARN_SUSPICIOUS_MOVE = YES;
				CLANG_WARN_UNGUARDED_AVAILABILITY = YES_AGGRESSIVE;
				CLANG_WARN_UNREACHABLE_CODE = YES;
				CLANG_WARN__DUPLICATE_METHOD_MATCH = YES;
				CODE_SIGN_IDENTITY = "iPhone Developer";
				COPY_PHASE_STRIP = NO;
				DEBUG_INFORMATION_FORMAT = "dwarf-with-dsym";
				ENABLE_NS_ASSERTIONS = NO;
				ENABLE_STRICT_OBJC_MSGSEND = YES;
				GCC_C_LANGUAGE_STANDARD = gnu11;
				GCC_NO_COMMON_BLOCKS = YES;
				GCC_WARN_64_TO_32_BIT_CONVERSION = YES;
				GCC_WARN_ABOUT_RETURN_TYPE = YES_ERROR;
				GCC_WARN_UNDECLARED_SELECTOR = YES;
				GCC_WARN_UNINITIALIZED_AUTOS = YES_AGGRESSIVE;
				GCC_WARN_UNUSED_FUNCTION = YES;
				GCC_WARN_UNUSED_VARIABLE = YES;
				IPHONEOS_DEPLOYMENT_TARGET = 10.0;
				MTL_ENABLE_DEBUG_INFO = NO;
				MTL_FAST_MATH = YES;
				SDKROOT = iphoneos;
				SWIFT_COMPILATION_MODE = wholemodule;
				SWIFT_OPTIMIZATION_LEVEL = "-O";
				VALIDATE_PRODUCT = YES;
			};
			name = Release;
		};
		284BF5C721623CE000ABE77A /* Debug */ = {
			isa = XCBuildConfiguration;
			baseConfigurationReference = FC429D783600F3C339EC216A /* Pods-CycleStreets.debug.xcconfig */;
			buildSettings = {
				ASSETCATALOG_COMPILER_APPICON_NAME = AppIcon;
				CODE_SIGN_STYLE = Automatic;
				DEVELOPMENT_TEAM = 4LJ34GQZ65;
				INFOPLIST_FILE = "$(SRCROOT)/Info.plist";
				LD_RUNPATH_SEARCH_PATHS = "$(inherited) @executable_path/Frameworks";
				PRODUCT_BUNDLE_IDENTIFIER = "buffer.com.cyclestreets-dev";
				PRODUCT_NAME = "$(TARGET_NAME)";
				SWIFT_VERSION = 4.2;
				TARGETED_DEVICE_FAMILY = "1,2";
			};
			name = Debug;
		};
		284BF5C821623CE000ABE77A /* Release */ = {
			isa = XCBuildConfiguration;
			baseConfigurationReference = FFC3D44CD97DFDC0001B8813 /* Pods-CycleStreets.release.xcconfig */;
			buildSettings = {
				ASSETCATALOG_COMPILER_APPICON_NAME = AppIcon;
				CODE_SIGN_STYLE = Automatic;
				DEVELOPMENT_TEAM = 4LJ34GQZ65;
				INFOPLIST_FILE = "$(SRCROOT)/Info.plist";
				LD_RUNPATH_SEARCH_PATHS = "$(inherited) @executable_path/Frameworks";
				PRODUCT_BUNDLE_IDENTIFIER = buffer.com.cyclestreets;
				PRODUCT_NAME = "$(TARGET_NAME)";
				SWIFT_VERSION = 4.2;
				TARGETED_DEVICE_FAMILY = "1,2";
			};
			name = Release;
		};
/* End XCBuildConfiguration section */

/* Begin XCConfigurationList section */
		284BF5AF21623CDE00ABE77A /* Build configuration list for PBXProject "CycleStreets4" */ = {
			isa = XCConfigurationList;
			buildConfigurations = (
				284BF5C421623CE000ABE77A /* Debug */,
				284BF5C521623CE000ABE77A /* Release */,
			);
			defaultConfigurationIsVisible = 0;
			defaultConfigurationName = Release;
		};
		284BF5C621623CE000ABE77A /* Build configuration list for PBXNativeTarget "CycleStreets" */ = {
			isa = XCConfigurationList;
			buildConfigurations = (
				284BF5C721623CE000ABE77A /* Debug */,
				284BF5C821623CE000ABE77A /* Release */,
			);
			defaultConfigurationIsVisible = 0;
			defaultConfigurationName = Release;
		};
/* End XCConfigurationList section */
	};
	rootObject = 284BF5AC21623CDE00ABE77A /* Project object */;
}
